{
  "name": "@ayd/npm-proxy-test",
  "version": "1.3.0",
  "lockfileVersion": 3,
  "requires": true,
  "packages": {
    "": {
      "name": "@ayd/npm-proxy-test",
      "version": "1.3.0",
      "dependencies": {
        "is-positive": "^3.1.0",
        "left-pad": "^1.3.0",
        "lodash": "^4.17.21",
        "moment": "^2.29.4"
      }
    },
    "node_modules/is-positive": {
      "version": "3.1.0",
      "resolved": "http://localhost:8081/npm_proxy/is-positive/-/is-positive-3.1.0.tgz",
      "integrity": "sha512-8ND1j3y9/HP94TOvGzr69/FgbkX2ruOldhLEsTWwcJVfo4oRjwemJmJxt7RJkKYH8tz7vYBP9JcKQY8CLuJ90Q==",
      "license": "MIT",
      "engines": {
        "node": ">=0.10.0"
      }
    },
    "node_modules/left-pad": {
      "version": "1.3.0",
      "resolved": "http://localhost:8081/npm_proxy/left-pad/-/left-pad-1.3.0.tgz",
      "integrity": "sha512-XI5MPzVNApjAyhQzphX8BkmKsKUxD4LdyK24iZeQGinBN9yTQT3bFlCBy/aVx2HrNcqQGsdot8ghrjyrvMCoEA==",
      "deprecated": "use String.prototype.padStart()",
      "license": "WTFPL"
    },
    "node_modules/lodash": {
      "version": "4.17.23",
      "resolved": "http://localhost:8081/npm_proxy/lodash/-/lodash-4.17.23.tgz",
      "integrity": "sha512-LgVTMpQtIopCi79SJeDiP0TfWi5CNEc/L/aRdTh3yIvmZXTnheWpKjSZhnvMl8iXbC1tFg9gdHHDMLoV7CnG+w==",
      "license": "MIT"
    },
    "node_modules/moment": {
      "version": "2.30.1",
      "resolved": "http://localhost:8081/npm_proxy/moment/-/moment-2.30.1.tgz",
      "integrity": "sha512-uEmtNhbDOrWPFS+hdjFCBfy9f2YoyzRpwcl+DqpC6taX21FzsTLQVbMV/W7PzNSX6x/bhC1zA3c2UQ5NzH6how==",
      "license": "MIT",
      "engines": {
        "node": "*"
      }
    }
  }
}
