{
    "_readme": [
        "This file locks the dependencies of your project to a known state",
        "Read more about it at https://getcomposer.org/doc/01-basic-usage.md#installing-dependencies",
        "This file is @generated automatically"
    ],
    "content-hash": "8381258eebd2aca9d7836cc5147a41ea",
    "packages": [],
    "packages-dev": [
        {
            "name": "ayd/helper-lib",
            "version": "1.0.0",
            "dist": {
                "type": "zip",
                "url": "http://localhost:8081/php/artifacts/ayd/helper-lib/1.0.0/ayd-helper-lib-1.0.0.zip"
            },
            "require": {
                "php": ">=8.0"
            },
            "type": "library",
            "autoload": {
                "psr-4": {
                    "Ayd\\Helper\\": "src/"
                }
            },
            "description": "Helper library for internal use"
        },
        {
            "name": "doekos/shipkit",
            "version": "1.0.0",
            "source": {
                "type": "git",
                "url": "https://github.com/Doekos/ShipKit.git",
                "reference": "7b432348ff2051bca7b058de1005cc346d3f328e"
            },
            "dist": {
                "type": "zip",
                "url": "http://localhost:8081/php_proxy/dist/doekos/shipkit/1.0.0",
                "reference": "7b432348ff2051bca7b058de1005cc346d3f328e",
                "shasum": ""
            },
            "require": {
                "illuminate/support": "^12.0",
                "php": ">=8.4"
            },
            "require-dev": {
                "laravel/pint": "^1.25.0",
                "orchestra/testbench": "^10.6.0",
                "pestphp/pest": "^3.8.4",
                "pestphp/pest-plugin-type-coverage": "^3.6.1",
                "phpstan/phpstan": "^2.1.27",
                "rector/rector": "^2.1.7",
                "symfony/var-dumper": "^7.3.3"
            },
            "type": "library",
            "extra": {
                "laravel": {
                    "providers": [
                        "Shipkit\\ShipkitServiceProvider"
                    ]
                }
            },
            "autoload": {
                "psr-4": {
                    "Shipkit\\": "src/"
                }
            },
            "license": [
                "MIT"
            ],
            "authors": [
                {
                    "name": "Doekos"
                }
            ],
            "description": "A Composer package that gives you tools to ship faster: make:command generator, configurable bootstrapping, and more.",
            "support": {
                "issues": "https://github.com/Doekos/ShipKit/issues",
                "source": "https://github.com/Doekos/ShipKit/tree/1.0.0"
            },
            "time": "2025-10-21T15:55:09+00:00"
        },
        {
            "name": "illuminate/support",
            "version": "v12.34.0",
            "source": {
                "type": "git",
                "url": "https://github.com/illuminate/support.git",
                "reference": "89291f59ef6c170c00f10a41c566c49ee32ca09a"
            },
            "dist": {
                "type": "zip",
                "url": "http://localhost:8081/php_proxy/dist/illuminate/support/v12.34.0",
                "reference": "89291f59ef6c170c00f10a41c566c49ee32ca09a",
                "shasum": ""
            },
            "type": "library",
            "time": "2025-10-13T21:11:33+00:00"
        },
        {
            "name": "symfony/web-profiler-bundle",
            "version": "v7.3.3",
            "source": {
                "type": "git",
                "url": "https://github.com/symfony/web-profiler-bundle.git",
                "reference": "6ee224d6e9de787a47622b9ad4880e205ef16ad1"
            },
            "dist": {
                "type": "zip",
                "url": "http://localhost:8081/php_proxy/dist/symfony/web-profiler-bundle/v7.3.3",
                "reference": "6ee224d6e9de787a47622b9ad4880e205ef16ad1",
                "shasum": ""
            },
            "type": "library",
            "support": {
                "source": "https://github.com/symfony/web-profiler-bundle/tree/v7.3.3"
            },
            "time": "2025-08-19T13:44:55+00:00"
        }
    ],
    "aliases": [],
    "minimum-stability": "stable",
    "stability-flags": {},
    "prefer-stable": false,
    "prefer-lowest": false,
    "platform": {
        "php": ">=8.0"
    },
    "platform-dev": {},
    "plugin-api-version": "2.6.0"
}
